
Microsoft Visual Studio Solution File, Format Version 12.00
# Visual Studio Version 17
VisualStudioVersion = 17.2.32630.192
MinimumVisualStudioVersion = 10.0.40219.1
Project("{9A19103F-16F7-4668-BE54-9A1E7A4F7556}") = "CareerCloud.Pocos", "CareerCloud.Pocos\CareerCloud.Pocos.csproj", "{54666DD4-677B-4465-AE12-8E7965780E06}"
EndProject
Project("{9A19103F-16F7-4668-BE54-9A1E7A4F7556}") = "CareerCloudCore.UnitTests.Assignment1", "CareerCloudCore.UnitTests.Assignment1\CareerCloudCore.UnitTests.Assignment1\CareerCloudCore.UnitTests.Assignment1.csproj", "{62B194BB-6F87-401A-B55D-B37734FCF9AA}"
EndProject
Global
	GlobalSection(SolutionConfigurationPlatforms) = preSolution
		Debug|Any CPU = Debug|Any CPU
		Release|Any CPU = Release|Any CPU
	EndGlobalSection
	GlobalSection(ProjectConfigurationPlatforms) = postSolution
		{54666DD4-677B-4465-AE12-8E7965780E06}.Debug|Any CPU.ActiveCfg = Debug|Any CPU
		{54666DD4-677B-4465-AE12-8E7965780E06}.Debug|Any CPU.Build.0 = Debug|Any CPU
		{54666DD4-677B-4465-AE12-8E7965780E06}.Release|Any CPU.ActiveCfg = Release|Any CPU
		{54666DD4-677B-4465-AE12-8E7965780E06}.Release|Any CPU.Build.0 = Release|Any CPU
		{62B194BB-6F87-401A-B55D-B37734FCF9AA}.Debug|Any CPU.ActiveCfg = Debug|Any CPU
		{62B194BB-6F87-401A-B55D-B37734FCF9AA}.Debug|Any CPU.Build.0 = Debug|Any CPU
		{62B194BB-6F87-401A-B55D-B37734FCF9AA}.Release|Any CPU.ActiveCfg = Release|Any CPU
		{62B194BB-6F87-401A-B55D-B37734FCF9AA}.Release|Any CPU.Build.0 = Release|Any CPU
	EndGlobalSection
	GlobalSection(SolutionProperties) = preSolution
		HideSolutionNode = FALSE
	EndGlobalSection
	GlobalSection(ExtensibilityGlobals) = postSolution
		SolutionGuid = {B8701D57-71E5-403A-97CB-D82639364515}
	EndGlobalSection
EndGlobal
